// !$*UTF8*$!
{
	archiveVersion = 1;
	classes = {
	};
	objectVersion = 46;
	objects = {

/* Begin PBXBuildFile section */
		4D8729871E68B9A10032D5D0 /* AppDelegate.swift in Sources */ = {isa = PBXBuildFile; fileRef = 4D8729861E68B9A10032D5D0 /* AppDelegate.swift */; };
		4D8729891E68B9A10032D5D0 /* ViewController.swift in Sources */ = {isa = PBXBuildFile; fileRef = 4D8729881E68B9A10032D5D0 /* ViewController.swift */; };
		4D87298C1E68B9A10032D5D0 /* Main.storyboard in Resources */ = {isa = PBXBuildFile; fileRef = 4D87298A1E68B9A10032D5D0 /* Main.storyboard */; };
		4D87298E1E68B9A10032D5D0 /* Assets.xcassets in Resources */ = {isa = PBXBuildFile; fileRef = 4D87298D1E68B9A10032D5D0 /* Assets.xcassets */; };
		4D8729911E68B9A10032D5D0 /* LaunchScreen.storyboard in Resources */ = {isa = PBXBuildFile; fileRef = 4D87298F1E68B9A10032D5D0 /* LaunchScreen.storyboard */; };
		4D87299C1E68B9A10032D5D0 /* CurrencyConversionTests.swift in Sources */ = {isa = PBXBuildFile; fileRef = 4D87299B1E68B9A10032D5D0 /* CurrencyConversionTests.swift */; };
/* End PBXBuildFile section */

/* Begin PBXContainerItemProxy section */
		4D8729981E68B9A10032D5D0 /* PBXContainerItemProxy */ = {
			isa = PBXContainerItemProxy;
			containerPortal = 4D87297B1E68B9A10032D5D0 /* Project object */;
			proxyType = 1;
			remoteGlobalIDString = 4D8729821E68B9A10032D5D0;
			remoteInfo = CurrencyConversion;
		};
/* End PBXContainerItemProxy section */

/* Begin PBXFileReference section */
		4D8729831E68B9A10032D5D0 /* CurrencyConversion.app */ = {isa = PBXFileReference; explicitFileType = wrapper.application; includeInIndex = 0; path = CurrencyConversion.app; sourceTree = BUILT_PRODUCTS_DIR; };
		4D8729861E68B9A10032D5D0 /* AppDelegate.swift */ = {isa = PBXFileReference; lastKnownFileType = sourcecode.swift; path = AppDelegate.swift; sourceTree = "<group>"; };
		4D8729881E68B9A10032D5D0 /* ViewController.swift */ = {isa = PBXFileReference; lastKnownFileType = sourcecode.swift; path = ViewController.swift; sourceTree = "<group>"; };
		4D87298B1E68B9A10032D5D0 /* Base */ = {isa = PBXFileReference; lastKnownFileType = file.storyboard; name = Base; path = Base.lproj/Main.storyboard; sourceTree = "<group>"; };
		4D87298D1E68B9A10032D5D0 /* Assets.xcassets */ = {isa = PBXFileReference; lastKnownFileType = folder.assetcatalog; path = Assets.xcassets; sourceTree = "<group>"; };
		4D8729901E68B9A10032D5D0 /* Base */ = {isa = PBXFileReference; lastKnownFileType = file.storyboard; name = Base; path = Base.lproj/LaunchScreen.storyboard; sourceTree = "<group>"; };
		4D8729921E68B9A10032D5D0 /* Info.plist */ = {isa = PBXFileReference; lastKnownFileType = text.plist.xml; path = Info.plist; sourceTree = "<group>"; };
		4D8729971E68B9A10032D5D0 /* CurrencyConversionTests.xctest */ = {isa = PBXFileReference; explicitFileType = wrapper.cfbundle; includeInIndex = 0; path = CurrencyConversionTests.xctest; sourceTree = BUILT_PRODUCTS_DIR; };
		4D87299B1E68B9A10032D5D0 /* CurrencyConversionTests.swift */ = {isa = PBXFileReference; lastKnownFileType = sourcecode.swift; path = CurrencyConversionTests.swift; sourceTree = "<group>"; };
		4D87299D1E68B9A10032D5D0 /* Info.plist */ = {isa = PBXFileReference; lastKnownFileType = text.plist.xml; path = Info.plist; sourceTree = "<group>"; };
/* End PBXFileReference section */

/* Begin PBXFrameworksBuildPhase section */
		4D8729801E68B9A10032D5D0 /* Frameworks */ = {
			isa = PBXFrameworksBuildPhase;
			buildActionMask = 2147483647;
			files = (
			);
			runOnlyForDeploymentPostprocessing = 0;
		};
		4D8729941E68B9A10032D5D0 /* Frameworks */ = {
			isa = PBXFrameworksBuildPhase;
			buildActionMask = 2147483647;
			files = (
			);
			runOnlyForDeploymentPostprocessing = 0;
		};
/* End PBXFrameworksBuildPhase section */

/* Begin PBXGroup section */
		4D87297A1E68B9A10032D5D0 = {
			isa = PBXGroup;
			children = (
				4D8729851E68B9A10032D5D0 /* CurrencyConversion */,
				4D87299A1E68B9A10032D5D0 /* CurrencyConversionTests */,
				4D8729841E68B9A10032D5D0 /* Products */,
			);
			sourceTree = "<group>";
		};
		4D8729841E68B9A10032D5D0 /* Products */ = {
			isa = PBXGroup;
			children = (
				4D8729831E68B9A10032D5D0 /* CurrencyConversion.app */,
				4D8729971E68B9A10032D5D0 /* CurrencyConversionTests.xctest */,
			);
			name = Products;
			sourceTree = "<group>";
		};
		4D8729851E68B9A10032D5D0 /* CurrencyConversion */ = {
			isa = PBXGroup;
			children = (
				4D8729861E68B9A10032D5D0 /* AppDelegate.swift */,
				4D8729881E68B9A10032D5D0 /* ViewController.swift */,
				4D87298A1E68B9A10032D5D0 /* Main.storyboard */,
				4D87298D1E68B9A10032D5D0 /* Assets.xcassets */,
				4D87298F1E68B9A10032D5D0 /* LaunchScreen.storyboard */,
				4D8729921E68B9A10032D5D0 /* Info.plist */,
			);
			path = CurrencyConversion;
			sourceTree = "<group>";
		};
		4D87299A1E68B9A10032D5D0 /* CurrencyConversionTests */ = {
			isa = PBXGroup;
			children = (
				4D87299B1E68B9A10032D5D0 /* CurrencyConversionTests.swift */,
				4D87299D1E68B9A10032D5D0 /* Info.plist */,
			);
			path = CurrencyConversionTests;
			sourceTree = "<group>";
		};
/* End PBXGroup section */

/* Begin PBXNativeTarget section */
		4D8729821E68B9A10032D5D0 /* CurrencyConversion */ = {
			isa = PBXNativeTarget;
			buildConfigurationList = 4D8729A01E68B9A10032D5D0 /* Build configuration list for PBXNativeTarget "CurrencyConversion" */;
			buildPhases = (
				4D87297F1E68B9A10032D5D0 /* Sources */,
				4D8729801E68B9A10032D5D0 /* Frameworks */,
				4D8729811E68B9A10032D5D0 /* Resources */,
			);
			buildRules = (
			);
			dependencies = (
			);
			name = CurrencyConversion;
			productName = CurrencyConversion;
			productReference = 4D8729831E68B9A10032D5D0 /* CurrencyConversion.app */;
			productType = "com.apple.product-type.application";
		};
		4D8729961E68B9A10032D5D0 /* CurrencyConversionTests */ = {
			isa = PBXNativeTarget;
			buildConfigurationList = 4D8729A31E68B9A10032D5D0 /* Build configuration list for PBXNativeTarget "CurrencyConversionTests" */;
			buildPhases = (
				4D8729931E68B9A10032D5D0 /* Sources */,
				4D8729941E68B9A10032D5D0 /* Frameworks */,
				4D8729951E68B9A10032D5D0 /* Resources */,
			);
			buildRules = (
			);
			dependencies = (
				4D8729991E68B9A10032D5D0 /* PBXTargetDependency */,
			);
			name = CurrencyConversionTests;
			productName = CurrencyConversionTests;
			productReference = 4D8729971E68B9A10032D5D0 /* CurrencyConversionTests.xctest */;
			productType = "com.apple.product-type.bundle.unit-test";
		};
/* End PBXNativeTarget section */

/* Begin PBXProject section */
		4D87297B1E68B9A10032D5D0 /* Project object */ = {
			isa = PBXProject;
			attributes = {
				LastSwiftUpdateCheck = 0820;
				LastUpgradeCheck = 0820;
				ORGANIZATIONNAME = "andrew lattis";
				TargetAttributes = {
					4D8729821E68B9A10032D5D0 = {
						CreatedOnToolsVersion = 8.2.1;
						ProvisioningStyle = Automatic;
					};
					4D8729961E68B9A10032D5D0 = {
						CreatedOnToolsVersion = 8.2.1;
						ProvisioningStyle = Automatic;
						TestTargetID = 4D8729821E68B9A10032D5D0;
					};
				};
			};
			buildConfigurationList = 4D87297E1E68B9A10032D5D0 /* Build configuration list for PBXProject "CurrencyConversion" */;
			compatibilityVersion = "Xcode 3.2";
			developmentRegion = English;
			hasScannedForEncodings = 0;
			knownRegions = (
				en,
				Base,
			);
			mainGroup = 4D87297A1E68B9A10032D5D0;
			productRefGroup = 4D8729841E68B9A10032D5D0 /* Products */;
			projectDirPath = "";
			projectRoot = "";
			targets = (
				4D8729821E68B9A10032D5D0 /* CurrencyConversion */,
				4D8729961E68B9A10032D5D0 /* CurrencyConversionTests */,
			);
		};
/* End PBXProject section */

/* Begin PBXResourcesBuildPhase section */
		4D8729811E68B9A10032D5D0 /* Resources */ = {
			isa = PBXResourcesBuildPhase;
			buildActionMask = 2147483647;
			files = (
				4D8729911E68B9A10032D5D0 /* LaunchScreen.storyboard in Resources */,
				4D87298E1E68B9A10032D5D0 /* Assets.xcassets in Resources */,
				4D87298C1E68B9A10032D5D0 /* Main.storyboard in Resources */,
			);
			runOnlyForDeploymentPostprocessing = 0;
		};
		4D8729951E68B9A10032D5D0 /* Resources */ = {
			isa = PBXResourcesBuildPhase;
			buildActionMask = 2147483647;
			files = (
			);
			runOnlyForDeploymentPostprocessing = 0;
		};
/* End PBXResourcesBuildPhase section */

/* Begin PBXSourcesBuildPhase section */
		4D87297F1E68B9A10032D5D0 /* Sources */ = {
			isa = PBXSourcesBuildPhase;
			buildActionMask = 2147483647;
			files = (
				4D8729891E68B9A10032D5D0 /* ViewController.swift in Sources */,
				4D8729871E68B9A10032D5D0 /* AppDelegate.swift in Sources */,
			);
			runOnlyForDeploymentPostprocessing = 0;
		};
		4D8729931E68B9A10032D5D0 /* Sources */ = {
			isa = PBXSourcesBuildPhase;
			buildActionMask = 2147483647;
			files = (
				4D87299C1E68B9A10032D5D0 /* CurrencyConversionTests.swift in Sources */,
			);
			runOnlyForDeploymentPostprocessing = 0;
		};
/* End PBXSourcesBuildPhase section */

/* Begin PBXTargetDependency section */
		4D8729991E68B9A10032D5D0 /* PBXTargetDependency */ = {
			isa = PBXTargetDependency;
			target = 4D8729821E68B9A10032D5D0 /* CurrencyConversion */;
			targetProxy = 4D8729981E68B9A10032D5D0 /* PBXContainerItemProxy */;
		};
/* End PBXTargetDependency section */

/* Begin PBXVariantGroup section */
		4D87298A1E68B9A10032D5D0 /* Main.storyboard */ = {
			isa = PBXVariantGroup;
			children = (
				4D87298B1E68B9A10032D5D0 /* Base */,
			);
			name = Main.storyboard;
			sourceTree = "<group>";
		};
		4D87298F1E68B9A10032D5D0 /* LaunchScreen.storyboard */ = {
			isa = PBXVariantGroup;
			children = (
				4D8729901E68B9A10032D5D0 /* Base */,
			);
			name = LaunchScreen.storyboard;
			sourceTree = "<group>";
		};
/* End PBXVariantGroup section */

/* Begin XCBuildConfiguration section */
		4D87299E1E68B9A10032D5D0 /* Debug */ = {
			isa = XCBuildConfiguration;
			buildSettings = {
				ALWAYS_SEARCH_USER_PATHS = NO;
				CLANG_ANALYZER_NONNULL = YES;
				CLANG_CXX_LANGUAGE_STANDARD = "gnu++0x";
				CLANG_CXX_LIBRARY = "libc++";
				CLANG_ENABLE_MODULES = YES;
				CLANG_ENABLE_OBJC_ARC = YES;
				CLANG_WARN_BOOL_CONVERSION = YES;
				CLANG_WARN_CONSTANT_CONVERSION = YES;
				CLANG_WARN_DIRECT_OBJC_ISA_USAGE = YES_ERROR;
				CLANG_WARN_DOCUMENTATION_COMMENTS = YES;
				CLANG_WARN_EMPTY_BODY = YES;
				CLANG_WARN_ENUM_CONVERSION = YES;
				CLANG_WARN_INFINITE_RECURSION = YES;
				CLANG_WARN_INT_CONVERSION = YES;
				CLANG_WARN_OBJC_ROOT_CLASS = YES_ERROR;
				CLANG_WARN_SUSPICIOUS_MOVE = YES;
				CLANG_WARN_UNREACHABLE_CODE = YES;
				CLANG_WARN__DUPLICATE_METHOD_MATCH = YES;
				"CODE_SIGN_IDENTITY[sdk=iphoneos*]" = "iPhone Developer";
				COPY_PHASE_STRIP = NO;
				DEBUG_INFORMATION_FORMAT = dwarf;
				ENABLE_STRICT_OBJC_MSGSEND = YES;
				ENABLE_TESTABILITY = YES;
				GCC_C_LANGUAGE_STANDARD = gnu99;
				GCC_DYNAMIC_NO_PIC = NO;
				GCC_NO_COMMON_BLOCKS = YES;
				GCC_OPTIMIZATION_LEVEL = 0;
				GCC_PREPROCESSOR_DEFINITIONS = (
					"DEBUG=1",
					"$(inherited)",
				);
				GCC_WARN_64_TO_32_BIT_CONVERSION = YES;
				GCC_WARN_ABOUT_RETURN_TYPE = YES_ERROR;
				GCC_WARN_UNDECLARED_SELECTOR = YES;
				GCC_WARN_UNINITIALIZED_AUTOS = YES_AGGRESSIVE;
				GCC_WARN_UNUSED_FUNCTION = YES;
				GCC_WARN_UNUSED_VARIABLE = YES;
				IPHONEOS_DEPLOYMENT_TARGET = 10.2;
				MTL_ENABLE_DEBUG_INFO = YES;
				ONLY_ACTIVE_ARCH = YES;
				SDKROOT = iphoneos;
				SWIFT_ACTIVE_COMPILATION_CONDITIONS = DEBUG;
				SWIFT_OPTIMIZATION_LEVEL = "-Onone";
				TARGETED_DEVICE_FAMILY = "1,2";
			};
			name = Debug;
		};
		4D87299F1E68B9A10032D5D0 /* Release */ = {
			isa = XCBuildConfiguration;
			buildSettings = {
				ALWAYS_SEARCH_USER_PATHS = NO;
				CLANG_ANALYZER_NONNULL = YES;
				CLANG_CXX_LANGUAGE_STANDARD = "gnu++0x";
				CLANG_CXX_LIBRARY = "libc++";
				CLANG_ENABLE_MODULES = YES;
				CLANG_ENABLE_OBJC_ARC = YES;
				CLANG_WARN_BOOL_CONVERSION = YES;
				CLANG_WARN_CONSTANT_CONVERSION = YES;
				CLANG_WARN_DIRECT_OBJC_ISA_USAGE = YES_ERROR;
				CLANG_WARN_DOCUMENTATION_COMMENTS = YES;
				CLANG_WARN_EMPTY_BODY = YES;
				CLANG_WARN_ENUM_CONVERSION = YES;
				CLANG_WARN_INFINITE_RECURSION = YES;
				CLANG_WARN_INT_CONVERSION = YES;
				CLANG_WARN_OBJC_ROOT_CLASS = YES_ERROR;
				CLANG_WARN_SUSPICIOUS_MOVE = YES;
				CLANG_WARN_UNREACHABLE_CODE = YES;
				CLANG_WARN__DUPLICATE_METHOD_MATCH = YES;
				"CODE_SIGN_IDENTITY[sdk=iphoneos*]" = "iPhone Developer";
				COPY_PHASE_STRIP = NO;
				DEBUG_INFORMATION_FORMAT = "dwarf-with-dsym";
				ENABLE_NS_ASSERTIONS = NO;
				ENABLE_STRICT_OBJC_MSGSEND = YES;
				GCC_C_LANGUAGE_STANDARD = gnu99;
				GCC_NO_COMMON_BLOCKS = YES;
				GCC_WARN_64_TO_32_BIT_CONVERSION = YES;
				GCC_WARN_ABOUT_RETURN_TYPE = YES_ERROR;
				GCC_WARN_UNDECLARED_SELECTOR = YES;
				GCC_WARN_UNINITIALIZED_AUTOS = YES_AGGRESSIVE;
				GCC_WARN_UNUSED_FUNCTION = YES;
				GCC_WARN_UNUSED_VARIABLE = YES;
				IPHONEOS_DEPLOYMENT_TARGET = 10.2;
				MTL_ENABLE_DEBUG_INFO = NO;
				SDKROOT = iphoneos;
				SWIFT_OPTIMIZATION_LEVEL = "-Owholemodule";
				TARGETED_DEVICE_FAMILY = "1,2";
				VALIDATE_PRODUCT = YES;
			};
			name = Release;
		};
		4D8729A11E68B9A10032D5D0 /* Debug */ = {
			isa = XCBuildConfiguration;
			buildSettings = {
				ASSETCATALOG_COMPILER_APPICON_NAME = AppIcon;
				INFOPLIST_FILE = CurrencyConversion/Info.plist;
				LD_RUNPATH_SEARCH_PATHS = "$(inherited) @executable_path/Frameworks";
				PRODUCT_BUNDLE_IDENTIFIER = com.andrewlattis.CurrencyConversion;
				PRODUCT_NAME = "$(TARGET_NAME)";
				SWIFT_VERSION = 3.0;
			};
			name = Debug;
		};
		4D8729A21E68B9A10032D5D0 /* Release */ = {
			isa = XCBuildConfiguration;
			buildSettings = {
				ASSETCATALOG_COMPILER_APPICON_NAME = AppIcon;
				INFOPLIST_FILE = CurrencyConversion/Info.plist;
				LD_RUNPATH_SEARCH_PATHS = "$(inherited) @executable_path/Frameworks";
				PRODUCT_BUNDLE_IDENTIFIER = com.andrewlattis.CurrencyConversion;
				PRODUCT_NAME = "$(TARGET_NAME)";
				SWIFT_VERSION = 3.0;
			};
			name = Release;
		};
		4D8729A41E68B9A10032D5D0 /* Debug */ = {
			isa = XCBuildConfiguration;
			buildSettings = {
				ALWAYS_EMBED_SWIFT_STANDARD_LIBRARIES = YES;
				BUNDLE_LOADER = "$(TEST_HOST)";
				INFOPLIST_FILE = CurrencyConversionTests/Info.plist;
				LD_RUNPATH_SEARCH_PATHS = "$(inherited) @executable_path/Frameworks @loader_path/Frameworks";
				PRODUCT_BUNDLE_IDENTIFIER = com.andrewlattis.CurrencyConversionTests;
				PRODUCT_NAME = "$(TARGET_NAME)";
				SWIFT_VERSION = 3.0;
				TEST_HOST = "$(BUILT_PRODUCTS_DIR)/CurrencyConversion.app/CurrencyConversion";
			};
			name = Debug;
		};
		4D8729A51E68B9A10032D5D0 /* Release */ = {
			isa = XCBuildConfiguration;
			buildSettings = {
				ALWAYS_EMBED_SWIFT_STANDARD_LIBRARIES = YES;
				BUNDLE_LOADER = "$(TEST_HOST)";
				INFOPLIST_FILE = CurrencyConversionTests/Info.plist;
				LD_RUNPATH_SEARCH_PATHS = "$(inherited) @executable_path/Frameworks @loader_path/Frameworks";
				PRODUCT_BUNDLE_IDENTIFIER = com.andrewlattis.CurrencyConversionTests;
				PRODUCT_NAME = "$(TARGET_NAME)";
				SWIFT_VERSION = 3.0;
				TEST_HOST = "$(BUILT_PRODUCTS_DIR)/CurrencyConversion.app/CurrencyConversion";
			};
			name = Release;
		};
/* End XCBuildConfiguration section */

/* Begin XCConfigurationList section */
		4D87297E1E68B9A10032D5D0 /* Build configuration list for PBXProject "CurrencyConversion" */ = {
			isa = XCConfigurationList;
			buildConfigurations = (
				4D87299E1E68B9A10032D5D0 /* Debug */,
				4D87299F1E68B9A10032D5D0 /* Release */,
			);
			defaultConfigurationIsVisible = 0;
			defaultConfigurationName = Release;
		};
		4D8729A01E68B9A10032D5D0 /* Build configuration list for PBXNativeTarget "CurrencyConversion" */ = {
			isa = XCConfigurationList;
			buildConfigurations = (
				4D8729A11E68B9A10032D5D0 /* Debug */,
				4D8729A21E68B9A10032D5D0 /* Release */,
			);
			defaultConfigurationIsVisible = 0;
		};
		4D8729A31E68B9A10032D5D0 /* Build configuration list for PBXNativeTarget "CurrencyConversionTests" */ = {
			isa = XCConfigurationList;
			buildConfigurations = (
				4D8729A41E68B9A10032D5D0 /* Debug */,
				4D8729A51E68B9A10032D5D0 /* Release */,
			);
			defaultConfigurationIsVisible = 0;
		};
/* End XCConfigurationList section */
	};
	rootObject = 4D87297B1E68B9A10032D5D0 /* Project object */;
}
